
Microsoft Visual Studio Solution File, Format Version 12.00
# Visual Studio Version 17
VisualStudioVersion = 17.0.32014.148
MinimumVisualStudioVersion = 10.0.40219.1
Project("{FAE04EC0-301F-11D3-BF4B-00C04F79EFBC}") = "Nea cave sim", "Nea cave sim\Nea cave sim.csproj", "{006DE8DE-0050-4877-8ECE-564B2E1217FA}"
EndProject
Global
	GlobalSection(SolutionConfigurationPlatforms) = preSolution
		Debug|Any CPU = Debug|Any CPU
		Release|Any CPU = Release|Any CPU
	EndGlobalSection
	GlobalSection(ProjectConfigurationPlatforms) = postSolution
		{006DE8DE-0050-4877-8ECE-564B2E1217FA}.Debug|Any CPU.ActiveCfg = Debug|Any CPU
		{006DE8DE-0050-4877-8ECE-564B2E1217FA}.Debug|Any CPU.Build.0 = Debug|Any CPU
		{006DE8DE-0050-4877-8ECE-564B2E1217FA}.Release|Any CPU.ActiveCfg = Release|Any CPU
		{006DE8DE-0050-4877-8ECE-564B2E1217FA}.Release|Any CPU.Build.0 = Release|Any CPU
	EndGlobalSection
	GlobalSection(SolutionProperties) = preSolution
		HideSolutionNode = FALSE
	EndGlobalSection
	GlobalSection(ExtensibilityGlobals) = postSolution
		SolutionGuid = {82F8D719-8692-4EEE-A997-1C79B41F3021}
	EndGlobalSection
EndGlobal
